{
  "name": "1155 for Verificer",
  "lockfileVersion": 2,
  "requires": true,
  "packages": {
    "": {
      "devDependencies": {
        "@openzeppelin/contracts": "^4.8.1",
        "@openzeppelin/contracts-upgradeable": "^4.8.1"
      }
    },
    "node_modules/@openzeppelin/contracts": {
      "version": "4.8.1",
      "resolved": "https://registry.npmjs.org/@openzeppelin/contracts/-/contracts-4.8.1.tgz",
      "integrity": "sha512-xQ6eUZl+RDyb/FiZe1h+U7qr/f4p/SrTSQcTPH2bjur3C5DbuW/zFgCU/b1P/xcIaEqJep+9ju4xDRi3rmChdQ==",
      "dev": true
    },
    "node_modules/@openzeppelin/contracts-upgradeable": {
      "version": "4.8.1",
      "resolved": "https://registry.npmjs.org/@openzeppelin/contracts-upgradeable/-/contracts-upgradeable-4.8.1.tgz",
      "integrity": "sha512-1wTv+20lNiC0R07jyIAbHU7TNHKRwGiTGRfiNnA8jOWjKT98g5OgLpYWOi40Vgpk8SPLA9EvfJAbAeIyVn+7Bw==",
      "dev": true
    }
  },
  "dependencies": {
    "@openzeppelin/contracts": {
      "version": "4.8.1",
      "resolved": "https://registry.npmjs.org/@openzeppelin/contracts/-/contracts-4.8.1.tgz",
      "integrity": "sha512-xQ6eUZl+RDyb/FiZe1h+U7qr/f4p/SrTSQcTPH2bjur3C5DbuW/zFgCU/b1P/xcIaEqJep+9ju4xDRi3rmChdQ==",
      "dev": true
    },
    "@openzeppelin/contracts-upgradeable": {
      "version": "4.8.1",
      "resolved": "https://registry.npmjs.org/@openzeppelin/contracts-upgradeable/-/contracts-upgradeable-4.8.1.tgz",
      "integrity": "sha512-1wTv+20lNiC0R07jyIAbHU7TNHKRwGiTGRfiNnA8jOWjKT98g5OgLpYWOi40Vgpk8SPLA9EvfJAbAeIyVn+7Bw==",
      "dev": true
    }
  }
}
